
Microsoft Visual Studio Solution File, Format Version 12.00
# Visual Studio Version 17
VisualStudioVersion = 17.14.36212.18 d17.14
MinimumVisualStudioVersion = 10.0.40219.1
Project("{FAE04EC0-301F-11D3-BF4B-00C04F79EFBC}") = "anabananabr", "anabananabr\anabananabr.csproj", "{6D3AD003-C418-45C4-BE19-13C96172749E}"
EndProject
Project("{FAE04EC0-301F-11D3-BF4B-00C04F79EFBC}") = "anabanananana", "anabanananana\anabanananana.csproj", "{1792C0D5-66BA-4C6C-9460-67B2A676DB05}"
EndProject
Global
	GlobalSection(SolutionConfigurationPlatforms) = preSolution
		Debug|Any CPU = Debug|Any CPU
		Release|Any CPU = Release|Any CPU
	EndGlobalSection
	GlobalSection(ProjectConfigurationPlatforms) = postSolution
		{6D3AD003-C418-45C4-BE19-13C96172749E}.Debug|Any CPU.ActiveCfg = Debug|Any CPU
		{6D3AD003-C418-45C4-BE19-13C96172749E}.Debug|Any CPU.Build.0 = Debug|Any CPU
		{6D3AD003-C418-45C4-BE19-13C96172749E}.Release|Any CPU.ActiveCfg = Release|Any CPU
		{6D3AD003-C418-45C4-BE19-13C96172749E}.Release|Any CPU.Build.0 = Release|Any CPU
		{1792C0D5-66BA-4C6C-9460-67B2A676DB05}.Debug|Any CPU.ActiveCfg = Debug|Any CPU
		{1792C0D5-66BA-4C6C-9460-67B2A676DB05}.Debug|Any CPU.Build.0 = Debug|Any CPU
		{1792C0D5-66BA-4C6C-9460-67B2A676DB05}.Release|Any CPU.ActiveCfg = Release|Any CPU
		{1792C0D5-66BA-4C6C-9460-67B2A676DB05}.Release|Any CPU.Build.0 = Release|Any CPU
	EndGlobalSection
	GlobalSection(SolutionProperties) = preSolution
		HideSolutionNode = FALSE
	EndGlobalSection
	GlobalSection(ExtensibilityGlobals) = postSolution
		SolutionGuid = {F6CDE294-03EB-4229-8B0E-6E5C9432BFD1}
	EndGlobalSection
EndGlobal
